// !$*UTF8*$!
{
	archiveVersion = 1;
	classes = {
	};
	objectVersion = 56;
	objects = {

/* Begin PBXBuildFile section */
		1841D44F2AA6071C0022A1BE /* DockBatteryApp.swift in Sources */ = {isa = PBXBuildFile; fileRef = 1841D44E2AA6071C0022A1BE /* DockBatteryApp.swift */; };
		1841D4512AA6071C0022A1BE /* ContentView.swift in Sources */ = {isa = PBXBuildFile; fileRef = 1841D4502AA6071C0022A1BE /* ContentView.swift */; };
		1841D4532AA6071D0022A1BE /* Assets.xcassets in Resources */ = {isa = PBXBuildFile; fileRef = 1841D4522AA6071D0022A1BE /* Assets.xcassets */; };
		1841D4562AA6071D0022A1BE /* Preview Assets.xcassets in Resources */ = {isa = PBXBuildFile; fileRef = 1841D4552AA6071D0022A1BE /* Preview Assets.xcassets */; };
		1841D4782AA8DEF20022A1BE /* Localizable.strings in Resources */ = {isa = PBXBuildFile; fileRef = 1841D47A2AA8DEF20022A1BE /* Localizable.strings */; };
		1841D47D2AAA20F80022A1BE /* InternalBattery.swift in Sources */ = {isa = PBXBuildFile; fileRef = 1841D47C2AAA20F80022A1BE /* InternalBattery.swift */; };
		1841D47F2AAA270D0022A1BE /* BatteryView.swift in Sources */ = {isa = PBXBuildFile; fileRef = 1841D47E2AAA270D0022A1BE /* BatteryView.swift */; };
		1841D4812AAA28880022A1BE /* SettingsView.swift in Sources */ = {isa = PBXBuildFile; fileRef = 1841D4802AAA28880022A1BE /* SettingsView.swift */; };
		1841D4852AAA2FF20022A1BE /* MultiInfoView.swift in Sources */ = {isa = PBXBuildFile; fileRef = 1841D4842AAA2FF20022A1BE /* MultiInfoView.swift */; };
		1841D4872AAA44950022A1BE /* MultiBatteryView.swift in Sources */ = {isa = PBXBuildFile; fileRef = 1841D4862AAA44950022A1BE /* MultiBatteryView.swift */; };
		1841D48A2AAAB67A0022A1BE /* LocationManager.swift in Sources */ = {isa = PBXBuildFile; fileRef = 1841D4892AAAB67A0022A1BE /* LocationManager.swift */; };
		186671CD2B791CF700D4D27B /* Info.plist in Resources */ = {isa = PBXBuildFile; fileRef = 186671CC2B791CF700D4D27B /* Info.plist */; };
		186671D42B791DCC00D4D27B /* InfoPlist.strings in Resources */ = {isa = PBXBuildFile; fileRef = 186671D32B791DCC00D4D27B /* InfoPlist.strings */; };
		1895851B2B724DCD00108E5C /* IDeviceBattery.swift in Sources */ = {isa = PBXBuildFile; fileRef = 1895851A2B724DCD00108E5C /* IDeviceBattery.swift */; };
		18A0A9CB2AAE07EA00975B81 /* Credits.rtf in Resources */ = {isa = PBXBuildFile; fileRef = 18A0A9CD2AAE07EA00975B81 /* Credits.rtf */; };
		18B6C36F2B73A5CC008E6019 /* libimobiledevice in Resources */ = {isa = PBXBuildFile; fileRef = 18B6C36E2B73A5CC008E6019 /* libimobiledevice */; };
		18F615F32B763DD800873AA4 /* AirpodsBattery.swift in Sources */ = {isa = PBXBuildFile; fileRef = 18F615F22B763DD800873AA4 /* AirpodsBattery.swift */; };
		18F615F52B763E9F00873AA4 /* BluetoothBattery.swift in Sources */ = {isa = PBXBuildFile; fileRef = 18F615F42B763E9F00873AA4 /* BluetoothBattery.swift */; };
		18F615F92B76439300873AA4 /* AirBatteryModel.swift in Sources */ = {isa = PBXBuildFile; fileRef = 18F615F82B76439300873AA4 /* AirBatteryModel.swift */; };
		18F615FB2B7676D200873AA4 /* Supports.swift in Sources */ = {isa = PBXBuildFile; fileRef = 18F615FA2B7676D200873AA4 /* Supports.swift */; };
		18F615FD2B788AD900873AA4 /* WeatherModel.swift in Sources */ = {isa = PBXBuildFile; fileRef = 18F615FC2B788AD900873AA4 /* WeatherModel.swift */; };
/* End PBXBuildFile section */

/* Begin PBXFileReference section */
		1841D44B2AA6071C0022A1BE /* DockBattery.app */ = {isa = PBXFileReference; explicitFileType = wrapper.application; includeInIndex = 0; path = DockBattery.app; sourceTree = BUILT_PRODUCTS_DIR; };
		1841D44E2AA6071C0022A1BE /* DockBatteryApp.swift */ = {isa = PBXFileReference; lastKnownFileType = sourcecode.swift; path = DockBatteryApp.swift; sourceTree = "<group>"; };
		1841D4502AA6071C0022A1BE /* ContentView.swift */ = {isa = PBXFileReference; lastKnownFileType = sourcecode.swift; path = ContentView.swift; sourceTree = "<group>"; };
		1841D4522AA6071D0022A1BE /* Assets.xcassets */ = {isa = PBXFileReference; lastKnownFileType = folder.assetcatalog; path = Assets.xcassets; sourceTree = "<group>"; };
		1841D4552AA6071D0022A1BE /* Preview Assets.xcassets */ = {isa = PBXFileReference; lastKnownFileType = folder.assetcatalog; path = "Preview Assets.xcassets"; sourceTree = "<group>"; };
		1841D4572AA6071D0022A1BE /* DockBattery.entitlements */ = {isa = PBXFileReference; lastKnownFileType = text.plist.entitlements; path = DockBattery.entitlements; sourceTree = "<group>"; };
		1841D47B2AA8DF0B0022A1BE /* zh-Hans */ = {isa = PBXFileReference; lastKnownFileType = text.plist.strings; name = "zh-Hans"; path = "zh-Hans.lproj/Localizable.strings"; sourceTree = "<group>"; };
		1841D47C2AAA20F80022A1BE /* InternalBattery.swift */ = {isa = PBXFileReference; lastKnownFileType = sourcecode.swift; path = InternalBattery.swift; sourceTree = "<group>"; };
		1841D47E2AAA270D0022A1BE /* BatteryView.swift */ = {isa = PBXFileReference; lastKnownFileType = sourcecode.swift; path = BatteryView.swift; sourceTree = "<group>"; };
		1841D4802AAA28880022A1BE /* SettingsView.swift */ = {isa = PBXFileReference; lastKnownFileType = sourcecode.swift; path = SettingsView.swift; sourceTree = "<group>"; };
		1841D4842AAA2FF20022A1BE /* MultiInfoView.swift */ = {isa = PBXFileReference; lastKnownFileType = sourcecode.swift; path = MultiInfoView.swift; sourceTree = "<group>"; };
		1841D4862AAA44950022A1BE /* MultiBatteryView.swift */ = {isa = PBXFileReference; lastKnownFileType = sourcecode.swift; path = MultiBatteryView.swift; sourceTree = "<group>"; };
		1841D4892AAAB67A0022A1BE /* LocationManager.swift */ = {isa = PBXFileReference; lastKnownFileType = sourcecode.swift; path = LocationManager.swift; sourceTree = "<group>"; };
		186671CC2B791CF700D4D27B /* Info.plist */ = {isa = PBXFileReference; lastKnownFileType = text.plist.xml; path = Info.plist; sourceTree = "<group>"; };
		186671D32B791DCC00D4D27B /* InfoPlist.strings */ = {isa = PBXFileReference; lastKnownFileType = text.plist.strings; name = InfoPlist.strings; path = DockBattery/InfoPlist.strings; sourceTree = "<group>"; };
		1895851A2B724DCD00108E5C /* IDeviceBattery.swift */ = {isa = PBXFileReference; lastKnownFileType = sourcecode.swift; path = IDeviceBattery.swift; sourceTree = "<group>"; };
		18A0A9CC2AAE07EA00975B81 /* zh-Hans */ = {isa = PBXFileReference; lastKnownFileType = text.rtf; name = "zh-Hans"; path = "zh-Hans.lproj/Credits.rtf"; sourceTree = "<group>"; };
		18B6C36E2B73A5CC008E6019 /* libimobiledevice */ = {isa = PBXFileReference; lastKnownFileType = folder; name = libimobiledevice; path = DockBattery/libimobiledevice; sourceTree = "<group>"; };
		18C7CFDE2AAF842E005898EF /* Base */ = {isa = PBXFileReference; lastKnownFileType = text.rtf; name = Base; path = Base.lproj/Credits.rtf; sourceTree = "<group>"; };
		18F615F22B763DD800873AA4 /* AirpodsBattery.swift */ = {isa = PBXFileReference; lastKnownFileType = sourcecode.swift; path = AirpodsBattery.swift; sourceTree = "<group>"; };
		18F615F42B763E9F00873AA4 /* BluetoothBattery.swift */ = {isa = PBXFileReference; lastKnownFileType = sourcecode.swift; path = BluetoothBattery.swift; sourceTree = "<group>"; };
		18F615F82B76439300873AA4 /* AirBatteryModel.swift */ = {isa = PBXFileReference; lastKnownFileType = sourcecode.swift; path = AirBatteryModel.swift; sourceTree = "<group>"; };
		18F615FA2B7676D200873AA4 /* Supports.swift */ = {isa = PBXFileReference; lastKnownFileType = sourcecode.swift; path = Supports.swift; sourceTree = "<group>"; };
		18F615FC2B788AD900873AA4 /* WeatherModel.swift */ = {isa = PBXFileReference; lastKnownFileType = sourcecode.swift; path = WeatherModel.swift; sourceTree = "<group>"; };
/* End PBXFileReference section */

/* Begin PBXFrameworksBuildPhase section */
		1841D4482AA6071C0022A1BE /* Frameworks */ = {
			isa = PBXFrameworksBuildPhase;
			buildActionMask = 2147483647;
			files = (
			);
			runOnlyForDeploymentPostprocessing = 0;
		};
/* End PBXFrameworksBuildPhase section */

/* Begin PBXGroup section */
		1841D4422AA6071C0022A1BE = {
			isa = PBXGroup;
			children = (
				186671D32B791DCC00D4D27B /* InfoPlist.strings */,
				18B6C36E2B73A5CC008E6019 /* libimobiledevice */,
				1841D44D2AA6071C0022A1BE /* DockBattery */,
				1841D44C2AA6071C0022A1BE /* Products */,
			);
			sourceTree = "<group>";
		};
		1841D44C2AA6071C0022A1BE /* Products */ = {
			isa = PBXGroup;
			children = (
				1841D44B2AA6071C0022A1BE /* DockBattery.app */,
			);
			name = Products;
			sourceTree = "<group>";
		};
		1841D44D2AA6071C0022A1BE /* DockBattery */ = {
			isa = PBXGroup;
			children = (
				1841D44E2AA6071C0022A1BE /* DockBatteryApp.swift */,
				1841D4892AAAB67A0022A1BE /* LocationManager.swift */,
				18F615FC2B788AD900873AA4 /* WeatherModel.swift */,
				18F615FA2B7676D200873AA4 /* Supports.swift */,
				18F615F72B763FC900873AA4 /* ViewModel */,
				18F615F62B763FAB00873AA4 /* BatteryInfo */,
				18A0A9CD2AAE07EA00975B81 /* Credits.rtf */,
				1841D4522AA6071D0022A1BE /* Assets.xcassets */,
				186671CC2B791CF700D4D27B /* Info.plist */,
				1841D47A2AA8DEF20022A1BE /* Localizable.strings */,
				1841D4572AA6071D0022A1BE /* DockBattery.entitlements */,
				1841D4542AA6071D0022A1BE /* Preview Content */,
			);
			path = DockBattery;
			sourceTree = "<group>";
		};
		1841D4542AA6071D0022A1BE /* Preview Content */ = {
			isa = PBXGroup;
			children = (
				1841D4552AA6071D0022A1BE /* Preview Assets.xcassets */,
			);
			path = "Preview Content";
			sourceTree = "<group>";
		};
		18F615F62B763FAB00873AA4 /* BatteryInfo */ = {
			isa = PBXGroup;
			children = (
				1841D47C2AAA20F80022A1BE /* InternalBattery.swift */,
				1895851A2B724DCD00108E5C /* IDeviceBattery.swift */,
				18F615F22B763DD800873AA4 /* AirpodsBattery.swift */,
				18F615F42B763E9F00873AA4 /* BluetoothBattery.swift */,
				18F615F82B76439300873AA4 /* AirBatteryModel.swift */,
			);
			path = BatteryInfo;
			sourceTree = "<group>";
		};
		18F615F72B763FC900873AA4 /* ViewModel */ = {
			isa = PBXGroup;
			children = (
				1841D4502AA6071C0022A1BE /* ContentView.swift */,
				1841D4802AAA28880022A1BE /* SettingsView.swift */,
				1841D47E2AAA270D0022A1BE /* BatteryView.swift */,
				1841D4842AAA2FF20022A1BE /* MultiInfoView.swift */,
				1841D4862AAA44950022A1BE /* MultiBatteryView.swift */,
			);
			path = ViewModel;
			sourceTree = "<group>";
		};
/* End PBXGroup section */

/* Begin PBXNativeTarget section */
		1841D44A2AA6071C0022A1BE /* DockBattery */ = {
			isa = PBXNativeTarget;
			buildConfigurationList = 1841D45A2AA6071D0022A1BE /* Build configuration list for PBXNativeTarget "DockBattery" */;
			buildPhases = (
				1841D4472AA6071C0022A1BE /* Sources */,
				1841D4482AA6071C0022A1BE /* Frameworks */,
				1841D4492AA6071C0022A1BE /* Resources */,
			);
			buildRules = (
			);
			dependencies = (
			);
			name = DockBattery;
			productName = DockBattery;
			productReference = 1841D44B2AA6071C0022A1BE /* DockBattery.app */;
			productType = "com.apple.product-type.application";
		};
/* End PBXNativeTarget section */

/* Begin PBXProject section */
		1841D4432AA6071C0022A1BE /* Project object */ = {
			isa = PBXProject;
			attributes = {
				BuildIndependentTargetsInParallel = 1;
				LastSwiftUpdateCheck = 1430;
				LastUpgradeCheck = 1500;
				TargetAttributes = {
					1841D44A2AA6071C0022A1BE = {
						CreatedOnToolsVersion = 14.3.1;
					};
				};
			};
			buildConfigurationList = 1841D4462AA6071C0022A1BE /* Build configuration list for PBXProject "DockBattery" */;
			compatibilityVersion = "Xcode 14.0";
			developmentRegion = en;
			hasScannedForEncodings = 0;
			knownRegions = (
				en,
				Base,
				"zh-Hans",
			);
			mainGroup = 1841D4422AA6071C0022A1BE;
			productRefGroup = 1841D44C2AA6071C0022A1BE /* Products */;
			projectDirPath = "";
			projectRoot = "";
			targets = (
				1841D44A2AA6071C0022A1BE /* DockBattery */,
			);
		};
/* End PBXProject section */

/* Begin PBXResourcesBuildPhase section */
		1841D4492AA6071C0022A1BE /* Resources */ = {
			isa = PBXResourcesBuildPhase;
			buildActionMask = 2147483647;
			files = (
				1841D4562AA6071D0022A1BE /* Preview Assets.xcassets in Resources */,
				186671D42B791DCC00D4D27B /* InfoPlist.strings in Resources */,
				1841D4782AA8DEF20022A1BE /* Localizable.strings in Resources */,
				186671CD2B791CF700D4D27B /* Info.plist in Resources */,
				1841D4532AA6071D0022A1BE /* Assets.xcassets in Resources */,
				18B6C36F2B73A5CC008E6019 /* libimobiledevice in Resources */,
				18A0A9CB2AAE07EA00975B81 /* Credits.rtf in Resources */,
			);
			runOnlyForDeploymentPostprocessing = 0;
		};
/* End PBXResourcesBuildPhase section */

/* Begin PBXSourcesBuildPhase section */
		1841D4472AA6071C0022A1BE /* Sources */ = {
			isa = PBXSourcesBuildPhase;
			buildActionMask = 2147483647;
			files = (
				1841D4812AAA28880022A1BE /* SettingsView.swift in Sources */,
				1841D47F2AAA270D0022A1BE /* BatteryView.swift in Sources */,
				1841D4512AA6071C0022A1BE /* ContentView.swift in Sources */,
				1841D44F2AA6071C0022A1BE /* DockBatteryApp.swift in Sources */,
				18F615F32B763DD800873AA4 /* AirpodsBattery.swift in Sources */,
				1841D4852AAA2FF20022A1BE /* MultiInfoView.swift in Sources */,
				1841D4872AAA44950022A1BE /* MultiBatteryView.swift in Sources */,
				1895851B2B724DCD00108E5C /* IDeviceBattery.swift in Sources */,
				18F615F92B76439300873AA4 /* AirBatteryModel.swift in Sources */,
				18F615FB2B7676D200873AA4 /* Supports.swift in Sources */,
				18F615FD2B788AD900873AA4 /* WeatherModel.swift in Sources */,
				18F615F52B763E9F00873AA4 /* BluetoothBattery.swift in Sources */,
				1841D47D2AAA20F80022A1BE /* InternalBattery.swift in Sources */,
				1841D48A2AAAB67A0022A1BE /* LocationManager.swift in Sources */,
			);
			runOnlyForDeploymentPostprocessing = 0;
		};
/* End PBXSourcesBuildPhase section */

/* Begin PBXVariantGroup section */
		1841D47A2AA8DEF20022A1BE /* Localizable.strings */ = {
			isa = PBXVariantGroup;
			children = (
				1841D47B2AA8DF0B0022A1BE /* zh-Hans */,
			);
			name = Localizable.strings;
			sourceTree = "<group>";
		};
		18A0A9CD2AAE07EA00975B81 /* Credits.rtf */ = {
			isa = PBXVariantGroup;
			children = (
				18A0A9CC2AAE07EA00975B81 /* zh-Hans */,
				18C7CFDE2AAF842E005898EF /* Base */,
			);
			name = Credits.rtf;
			sourceTree = "<group>";
		};
/* End PBXVariantGroup section */

/* Begin XCBuildConfiguration section */
		1841D4582AA6071D0022A1BE /* Debug */ = {
			isa = XCBuildConfiguration;
			buildSettings = {
				ALWAYS_SEARCH_USER_PATHS = NO;
				CLANG_ANALYZER_LOCALIZABILITY_NONLOCALIZED = YES;
				CLANG_ANALYZER_NONNULL = YES;
				CLANG_ANALYZER_NUMBER_OBJECT_CONVERSION = YES_AGGRESSIVE;
				CLANG_CXX_LANGUAGE_STANDARD = "gnu++20";
				CLANG_ENABLE_MODULES = YES;
				CLANG_ENABLE_OBJC_ARC = YES;
				CLANG_ENABLE_OBJC_WEAK = YES;
				CLANG_WARN_BLOCK_CAPTURE_AUTORELEASING = YES;
				CLANG_WARN_BOOL_CONVERSION = YES;
				CLANG_WARN_COMMA = YES;
				CLANG_WARN_CONSTANT_CONVERSION = YES;
				CLANG_WARN_DEPRECATED_OBJC_IMPLEMENTATIONS = YES;
				CLANG_WARN_DIRECT_OBJC_ISA_USAGE = YES_ERROR;
				CLANG_WARN_DOCUMENTATION_COMMENTS = YES;
				CLANG_WARN_EMPTY_BODY = YES;
				CLANG_WARN_ENUM_CONVERSION = YES;
				CLANG_WARN_INFINITE_RECURSION = YES;
				CLANG_WARN_INT_CONVERSION = YES;
				CLANG_WARN_NON_LITERAL_NULL_CONVERSION = YES;
				CLANG_WARN_OBJC_IMPLICIT_RETAIN_SELF = YES;
				CLANG_WARN_OBJC_LITERAL_CONVERSION = YES;
				CLANG_WARN_OBJC_ROOT_CLASS = YES_ERROR;
				CLANG_WARN_QUOTED_INCLUDE_IN_FRAMEWORK_HEADER = YES;
				CLANG_WARN_RANGE_LOOP_ANALYSIS = YES;
				CLANG_WARN_STRICT_PROTOTYPES = YES;
				CLANG_WARN_SUSPICIOUS_MOVE = YES;
				CLANG_WARN_UNGUARDED_AVAILABILITY = YES_AGGRESSIVE;
				CLANG_WARN_UNREACHABLE_CODE = YES;
				CLANG_WARN__DUPLICATE_METHOD_MATCH = YES;
				COPY_PHASE_STRIP = NO;
				DEAD_CODE_STRIPPING = YES;
				DEBUG_INFORMATION_FORMAT = dwarf;
				ENABLE_STRICT_OBJC_MSGSEND = YES;
				ENABLE_TESTABILITY = YES;
				ENABLE_USER_SCRIPT_SANDBOXING = YES;
				GCC_C_LANGUAGE_STANDARD = gnu11;
				GCC_DYNAMIC_NO_PIC = NO;
				GCC_NO_COMMON_BLOCKS = YES;
				GCC_OPTIMIZATION_LEVEL = 0;
				GCC_PREPROCESSOR_DEFINITIONS = (
					"DEBUG=1",
					"$(inherited)",
				);
				GCC_WARN_64_TO_32_BIT_CONVERSION = YES;
				GCC_WARN_ABOUT_RETURN_TYPE = YES_ERROR;
				GCC_WARN_UNDECLARED_SELECTOR = YES;
				GCC_WARN_UNINITIALIZED_AUTOS = YES_AGGRESSIVE;
				GCC_WARN_UNUSED_FUNCTION = YES;
				GCC_WARN_UNUSED_VARIABLE = YES;
				MACOSX_DEPLOYMENT_TARGET = 11.0;
				MTL_ENABLE_DEBUG_INFO = INCLUDE_SOURCE;
				MTL_FAST_MATH = YES;
				ONLY_ACTIVE_ARCH = YES;
				SDKROOT = macosx;
				SWIFT_ACTIVE_COMPILATION_CONDITIONS = DEBUG;
				SWIFT_OPTIMIZATION_LEVEL = "-Onone";
			};
			name = Debug;
		};
		1841D4592AA6071D0022A1BE /* Release */ = {
			isa = XCBuildConfiguration;
			buildSettings = {
				ALWAYS_SEARCH_USER_PATHS = NO;
				CLANG_ANALYZER_LOCALIZABILITY_NONLOCALIZED = YES;
				CLANG_ANALYZER_NONNULL = YES;
				CLANG_ANALYZER_NUMBER_OBJECT_CONVERSION = YES_AGGRESSIVE;
				CLANG_CXX_LANGUAGE_STANDARD = "gnu++20";
				CLANG_ENABLE_MODULES = YES;
				CLANG_ENABLE_OBJC_ARC = YES;
				CLANG_ENABLE_OBJC_WEAK = YES;
				CLANG_WARN_BLOCK_CAPTURE_AUTORELEASING = YES;
				CLANG_WARN_BOOL_CONVERSION = YES;
				CLANG_WARN_COMMA = YES;
				CLANG_WARN_CONSTANT_CONVERSION = YES;
				CLANG_WARN_DEPRECATED_OBJC_IMPLEMENTATIONS = YES;
				CLANG_WARN_DIRECT_OBJC_ISA_USAGE = YES_ERROR;
				CLANG_WARN_DOCUMENTATION_COMMENTS = YES;
				CLANG_WARN_EMPTY_BODY = YES;
				CLANG_WARN_ENUM_CONVERSION = YES;
				CLANG_WARN_INFINITE_RECURSION = YES;
				CLANG_WARN_INT_CONVERSION = YES;
				CLANG_WARN_NON_LITERAL_NULL_CONVERSION = YES;
				CLANG_WARN_OBJC_IMPLICIT_RETAIN_SELF = YES;
				CLANG_WARN_OBJC_LITERAL_CONVERSION = YES;
				CLANG_WARN_OBJC_ROOT_CLASS = YES_ERROR;
				CLANG_WARN_QUOTED_INCLUDE_IN_FRAMEWORK_HEADER = YES;
				CLANG_WARN_RANGE_LOOP_ANALYSIS = YES;
				CLANG_WARN_STRICT_PROTOTYPES = YES;
				CLANG_WARN_SUSPICIOUS_MOVE = YES;
				CLANG_WARN_UNGUARDED_AVAILABILITY = YES_AGGRESSIVE;
				CLANG_WARN_UNREACHABLE_CODE = YES;
				CLANG_WARN__DUPLICATE_METHOD_MATCH = YES;
				COPY_PHASE_STRIP = NO;
				DEAD_CODE_STRIPPING = YES;
				DEBUG_INFORMATION_FORMAT = "dwarf-with-dsym";
				ENABLE_NS_ASSERTIONS = NO;
				ENABLE_STRICT_OBJC_MSGSEND = YES;
				ENABLE_USER_SCRIPT_SANDBOXING = YES;
				GCC_C_LANGUAGE_STANDARD = gnu11;
				GCC_NO_COMMON_BLOCKS = YES;
				GCC_WARN_64_TO_32_BIT_CONVERSION = YES;
				GCC_WARN_ABOUT_RETURN_TYPE = YES_ERROR;
				GCC_WARN_UNDECLARED_SELECTOR = YES;
				GCC_WARN_UNINITIALIZED_AUTOS = YES_AGGRESSIVE;
				GCC_WARN_UNUSED_FUNCTION = YES;
				GCC_WARN_UNUSED_VARIABLE = YES;
				MACOSX_DEPLOYMENT_TARGET = 11.0;
				MTL_ENABLE_DEBUG_INFO = NO;
				MTL_FAST_MATH = YES;
				SDKROOT = macosx;
				SWIFT_COMPILATION_MODE = wholemodule;
				SWIFT_OPTIMIZATION_LEVEL = "-O";
			};
			name = Release;
		};
		1841D45B2AA6071D0022A1BE /* Debug */ = {
			isa = XCBuildConfiguration;
			buildSettings = {
				ASSETCATALOG_COMPILER_APPICON_NAME = AppIcon;
				ASSETCATALOG_COMPILER_GLOBAL_ACCENT_COLOR_NAME = AccentColor;
				CODE_SIGN_ENTITLEMENTS = DockBattery/DockBattery.entitlements;
				CODE_SIGN_STYLE = Automatic;
				COMBINE_HIDPI_IMAGES = YES;
				CURRENT_PROJECT_VERSION = 114;
				DEAD_CODE_STRIPPING = YES;
				DEVELOPMENT_ASSET_PATHS = "\"DockBattery/Preview Content\"";
				DEVELOPMENT_TEAM = "";
				ENABLE_HARDENED_RUNTIME = YES;
				ENABLE_PREVIEWS = YES;
				GENERATE_INFOPLIST_FILE = YES;
				INFOPLIST_FILE = DockBattery/Info.plist;
				INFOPLIST_KEY_LSApplicationCategoryType = "";
				INFOPLIST_KEY_NSBluetoothAlwaysUsageDescription = "DockBattery uses Bluetooth to collect battery information from peripheral devices.";
				INFOPLIST_KEY_NSHumanReadableCopyright = "Copyright © 2024 lihaoyun6. All rights reserved.";
				INFOPLIST_KEY_NSLocationAlwaysAndWhenInUseUsageDescription = "DockBattery will determine your location to provide weather information.";
				INFOPLIST_KEY_NSLocationUsageDescription = "DockBattery will determine your location to provide weather information.";
				LD_RUNPATH_SEARCH_PATHS = (
					"$(inherited)",
					"@executable_path/../Frameworks",
				);
				MACOSX_DEPLOYMENT_TARGET = 11.0;
				MARKETING_VERSION = 1.1.4;
				PRODUCT_BUNDLE_IDENTIFIER = com.lihaoyun6.DockBattery;
				PRODUCT_NAME = "$(TARGET_NAME)";
				SWIFT_EMIT_LOC_STRINGS = YES;
				SWIFT_VERSION = 5.0;
			};
			name = Debug;
		};
		1841D45C2AA6071D0022A1BE /* Release */ = {
			isa = XCBuildConfiguration;
			buildSettings = {
				ASSETCATALOG_COMPILER_APPICON_NAME = AppIcon;
				ASSETCATALOG_COMPILER_GLOBAL_ACCENT_COLOR_NAME = AccentColor;
				CODE_SIGN_ENTITLEMENTS = DockBattery/DockBattery.entitlements;
				CODE_SIGN_STYLE = Automatic;
				COMBINE_HIDPI_IMAGES = YES;
				CURRENT_PROJECT_VERSION = 114;
				DEAD_CODE_STRIPPING = YES;
				DEVELOPMENT_ASSET_PATHS = "\"DockBattery/Preview Content\"";
				DEVELOPMENT_TEAM = "";
				ENABLE_HARDENED_RUNTIME = YES;
				ENABLE_PREVIEWS = YES;
				GENERATE_INFOPLIST_FILE = YES;
				INFOPLIST_FILE = DockBattery/Info.plist;
				INFOPLIST_KEY_LSApplicationCategoryType = "";
				INFOPLIST_KEY_NSBluetoothAlwaysUsageDescription = "DockBattery uses Bluetooth to collect battery information from peripheral devices.";
				INFOPLIST_KEY_NSHumanReadableCopyright = "Copyright © 2024 lihaoyun6. All rights reserved.";
				INFOPLIST_KEY_NSLocationAlwaysAndWhenInUseUsageDescription = "DockBattery will determine your location to provide weather information.";
				INFOPLIST_KEY_NSLocationUsageDescription = "DockBattery will determine your location to provide weather information.";
				LD_RUNPATH_SEARCH_PATHS = (
					"$(inherited)",
					"@executable_path/../Frameworks",
				);
				MACOSX_DEPLOYMENT_TARGET = 11.0;
				MARKETING_VERSION = 1.1.4;
				PRODUCT_BUNDLE_IDENTIFIER = com.lihaoyun6.DockBattery;
				PRODUCT_NAME = "$(TARGET_NAME)";
				SWIFT_EMIT_LOC_STRINGS = YES;
				SWIFT_VERSION = 5.0;
			};
			name = Release;
		};
/* End XCBuildConfiguration section */

/* Begin XCConfigurationList section */
		1841D4462AA6071C0022A1BE /* Build configuration list for PBXProject "DockBattery" */ = {
			isa = XCConfigurationList;
			buildConfigurations = (
				1841D4582AA6071D0022A1BE /* Debug */,
				1841D4592AA6071D0022A1BE /* Release */,
			);
			defaultConfigurationIsVisible = 0;
			defaultConfigurationName = Release;
		};
		1841D45A2AA6071D0022A1BE /* Build configuration list for PBXNativeTarget "DockBattery" */ = {
			isa = XCConfigurationList;
			buildConfigurations = (
				1841D45B2AA6071D0022A1BE /* Debug */,
				1841D45C2AA6071D0022A1BE /* Release */,
			);
			defaultConfigurationIsVisible = 0;
			defaultConfigurationName = Release;
		};
/* End XCConfigurationList section */
	};
	rootObject = 1841D4432AA6071C0022A1BE /* Project object */;
}
