{
  "pins" : [
    {
      "identity" : "multipeerkit",
      "kind" : "remoteSourceControl",
      "location" : "https://github.com/insidegui/MultipeerKit.git",
      "state" : {
        "revision" : "ee013fd04f20166ea40ff456a67058c040289c1c",
        "version" : "0.4.0"
      }
    },
    {
      "identity" : "sparkle",
      "kind" : "remoteSourceControl",
      "location" : "https://github.com/sparkle-project/Sparkle",
      "state" : {
        "revision" : "41847a58cdef7506b257591fcca6f9495df591d4",
        "version" : "2.6.2"
      }
    }
  ],
  "version" : 2
}
