{
  "pins" : [
    {
      "identity" : "sparkle",
      "kind" : "remoteSourceControl",
      "location" : "https://github.com/sparkle-project/Sparkle",
      "state" : {
        "revision" : "41847a58cdef7506b257591fcca6f9495df591d4",
        "version" : "2.6.2"
      }
    }
  ],
  "version" : 2
}
